// !$*UTF8*$!
{
	archiveVersion = 1;
	classes = {
	};
	objectVersion = 55;
	objects = {

/* Begin PBXBuildFile section */
		0190485F28CB78AB006F0D80 /* TomateApp.swift in Sources */ = {isa = PBXBuildFile; fileRef = 0190485E28CB78AB006F0D80 /* TomateApp.swift */; };
		0190486328CB78AB006F0D80 /* Assets.xcassets in Resources */ = {isa = PBXBuildFile; fileRef = 0190486228CB78AB006F0D80 /* Assets.xcassets */; };
		0190486628CB78AB006F0D80 /* Preview Assets.xcassets in Resources */ = {isa = PBXBuildFile; fileRef = 0190486528CB78AB006F0D80 /* Preview Assets.xcassets */; };
		0190487028CB78AB006F0D80 /* TomateTests.swift in Sources */ = {isa = PBXBuildFile; fileRef = 0190486F28CB78AB006F0D80 /* TomateTests.swift */; };
		01F48FD128D32A5C00C1A014 /* TomateKit in Frameworks */ = {isa = PBXBuildFile; productRef = 01F48FD028D32A5C00C1A014 /* TomateKit */; };
/* End PBXBuildFile section */

/* Begin PBXContainerItemProxy section */
		0190486C28CB78AB006F0D80 /* PBXContainerItemProxy */ = {
			isa = PBXContainerItemProxy;
			containerPortal = 0190485328CB78AB006F0D80 /* Project object */;
			proxyType = 1;
			remoteGlobalIDString = 0190485A28CB78AB006F0D80;
			remoteInfo = Tomate;
		};
		0190487628CB78AB006F0D80 /* PBXContainerItemProxy */ = {
			isa = PBXContainerItemProxy;
			containerPortal = 0190485328CB78AB006F0D80 /* Project object */;
			proxyType = 1;
			remoteGlobalIDString = 0190485A28CB78AB006F0D80;
			remoteInfo = Tomate;
		};
/* End PBXContainerItemProxy section */

/* Begin PBXFileReference section */
		0190485B28CB78AB006F0D80 /* Tomate.app */ = {isa = PBXFileReference; explicitFileType = wrapper.application; includeInIndex = 0; path = Tomate.app; sourceTree = BUILT_PRODUCTS_DIR; };
		0190485E28CB78AB006F0D80 /* TomateApp.swift */ = {isa = PBXFileReference; lastKnownFileType = sourcecode.swift; path = TomateApp.swift; sourceTree = "<group>"; };
		0190486228CB78AB006F0D80 /* Assets.xcassets */ = {isa = PBXFileReference; lastKnownFileType = folder.assetcatalog; path = Assets.xcassets; sourceTree = "<group>"; };
		0190486528CB78AB006F0D80 /* Preview Assets.xcassets */ = {isa = PBXFileReference; lastKnownFileType = folder.assetcatalog; path = "Preview Assets.xcassets"; sourceTree = "<group>"; };
		0190486B28CB78AB006F0D80 /* TomateTests.xctest */ = {isa = PBXFileReference; explicitFileType = wrapper.cfbundle; includeInIndex = 0; path = TomateTests.xctest; sourceTree = BUILT_PRODUCTS_DIR; };
		0190486F28CB78AB006F0D80 /* TomateTests.swift */ = {isa = PBXFileReference; lastKnownFileType = sourcecode.swift; path = TomateTests.swift; sourceTree = "<group>"; };
		0190487528CB78AB006F0D80 /* TomateUITests.xctest */ = {isa = PBXFileReference; explicitFileType = wrapper.cfbundle; includeInIndex = 0; path = TomateUITests.xctest; sourceTree = BUILT_PRODUCTS_DIR; };
		01CF177F28D321B40008D829 /* TomateKit */ = {isa = PBXFileReference; lastKnownFileType = wrapper; path = TomateKit; sourceTree = "<group>"; };
/* End PBXFileReference section */

/* Begin PBXFrameworksBuildPhase section */
		0190485828CB78AB006F0D80 /* Frameworks */ = {
			isa = PBXFrameworksBuildPhase;
			buildActionMask = 2147483647;
			files = (
				01F48FD128D32A5C00C1A014 /* TomateKit in Frameworks */,
			);
			runOnlyForDeploymentPostprocessing = 0;
		};
		0190486828CB78AB006F0D80 /* Frameworks */ = {
			isa = PBXFrameworksBuildPhase;
			buildActionMask = 2147483647;
			files = (
			);
			runOnlyForDeploymentPostprocessing = 0;
		};
		0190487228CB78AB006F0D80 /* Frameworks */ = {
			isa = PBXFrameworksBuildPhase;
			buildActionMask = 2147483647;
			files = (
			);
			runOnlyForDeploymentPostprocessing = 0;
		};
/* End PBXFrameworksBuildPhase section */

/* Begin PBXGroup section */
		0190485228CB78AB006F0D80 = {
			isa = PBXGroup;
			children = (
				01CF177F28D321B40008D829 /* TomateKit */,
				0190485D28CB78AB006F0D80 /* Tomate */,
				0190486E28CB78AB006F0D80 /* TomateTests */,
				0190485C28CB78AB006F0D80 /* Products */,
				01F48FCF28D32A5C00C1A014 /* Frameworks */,
			);
			sourceTree = "<group>";
		};
		0190485C28CB78AB006F0D80 /* Products */ = {
			isa = PBXGroup;
			children = (
				0190485B28CB78AB006F0D80 /* Tomate.app */,
				0190486B28CB78AB006F0D80 /* TomateTests.xctest */,
				0190487528CB78AB006F0D80 /* TomateUITests.xctest */,
			);
			name = Products;
			sourceTree = "<group>";
		};
		0190485D28CB78AB006F0D80 /* Tomate */ = {
			isa = PBXGroup;
			children = (
				0190488A28CB78D8006F0D80 /* App */,
				0190486228CB78AB006F0D80 /* Assets.xcassets */,
				0190486428CB78AB006F0D80 /* Preview Content */,
			);
			path = Tomate;
			sourceTree = "<group>";
		};
		0190486428CB78AB006F0D80 /* Preview Content */ = {
			isa = PBXGroup;
			children = (
				0190486528CB78AB006F0D80 /* Preview Assets.xcassets */,
			);
			path = "Preview Content";
			sourceTree = "<group>";
		};
		0190486E28CB78AB006F0D80 /* TomateTests */ = {
			isa = PBXGroup;
			children = (
				0190486F28CB78AB006F0D80 /* TomateTests.swift */,
			);
			path = TomateTests;
			sourceTree = "<group>";
		};
		0190488A28CB78D8006F0D80 /* App */ = {
			isa = PBXGroup;
			children = (
				0190485E28CB78AB006F0D80 /* TomateApp.swift */,
			);
			path = App;
			sourceTree = "<group>";
		};
		01F48FCF28D32A5C00C1A014 /* Frameworks */ = {
			isa = PBXGroup;
			children = (
			);
			name = Frameworks;
			sourceTree = "<group>";
		};
/* End PBXGroup section */

/* Begin PBXNativeTarget section */
		0190485A28CB78AB006F0D80 /* Tomate */ = {
			isa = PBXNativeTarget;
			buildConfigurationList = 0190487F28CB78AB006F0D80 /* Build configuration list for PBXNativeTarget "Tomate" */;
			buildPhases = (
				0190485728CB78AB006F0D80 /* Sources */,
				0190485828CB78AB006F0D80 /* Frameworks */,
				0190485928CB78AB006F0D80 /* Resources */,
			);
			buildRules = (
			);
			dependencies = (
			);
			name = Tomate;
			packageProductDependencies = (
				01F48FD028D32A5C00C1A014 /* TomateKit */,
			);
			productName = Tomate;
			productReference = 0190485B28CB78AB006F0D80 /* Tomate.app */;
			productType = "com.apple.product-type.application";
		};
		0190486A28CB78AB006F0D80 /* TomateTests */ = {
			isa = PBXNativeTarget;
			buildConfigurationList = 0190488228CB78AB006F0D80 /* Build configuration list for PBXNativeTarget "TomateTests" */;
			buildPhases = (
				0190486728CB78AB006F0D80 /* Sources */,
				0190486828CB78AB006F0D80 /* Frameworks */,
				0190486928CB78AB006F0D80 /* Resources */,
			);
			buildRules = (
			);
			dependencies = (
				0190486D28CB78AB006F0D80 /* PBXTargetDependency */,
			);
			name = TomateTests;
			productName = TomateTests;
			productReference = 0190486B28CB78AB006F0D80 /* TomateTests.xctest */;
			productType = "com.apple.product-type.bundle.unit-test";
		};
		0190487428CB78AB006F0D80 /* TomateUITests */ = {
			isa = PBXNativeTarget;
			buildConfigurationList = 0190488528CB78AB006F0D80 /* Build configuration list for PBXNativeTarget "TomateUITests" */;
			buildPhases = (
				0190487128CB78AB006F0D80 /* Sources */,
				0190487228CB78AB006F0D80 /* Frameworks */,
				0190487328CB78AB006F0D80 /* Resources */,
			);
			buildRules = (
			);
			dependencies = (
				0190487728CB78AB006F0D80 /* PBXTargetDependency */,
			);
			name = TomateUITests;
			productName = TomateUITests;
			productReference = 0190487528CB78AB006F0D80 /* TomateUITests.xctest */;
			productType = "com.apple.product-type.bundle.ui-testing";
		};
/* End PBXNativeTarget section */

/* Begin PBXProject section */
		0190485328CB78AB006F0D80 /* Project object */ = {
			isa = PBXProject;
			attributes = {
				BuildIndependentTargetsInParallel = 1;
				LastSwiftUpdateCheck = 1340;
				LastUpgradeCheck = 1340;
				TargetAttributes = {
					0190485A28CB78AB006F0D80 = {
						CreatedOnToolsVersion = 13.4.1;
					};
					0190486A28CB78AB006F0D80 = {
						CreatedOnToolsVersion = 13.4.1;
						TestTargetID = 0190485A28CB78AB006F0D80;
					};
					0190487428CB78AB006F0D80 = {
						CreatedOnToolsVersion = 13.4.1;
						TestTargetID = 0190485A28CB78AB006F0D80;
					};
				};
			};
			buildConfigurationList = 0190485628CB78AB006F0D80 /* Build configuration list for PBXProject "Tomate" */;
			compatibilityVersion = "Xcode 13.0";
			developmentRegion = en;
			hasScannedForEncodings = 0;
			knownRegions = (
				en,
				Base,
			);
			mainGroup = 0190485228CB78AB006F0D80;
			productRefGroup = 0190485C28CB78AB006F0D80 /* Products */;
			projectDirPath = "";
			projectRoot = "";
			targets = (
				0190485A28CB78AB006F0D80 /* Tomate */,
				0190486A28CB78AB006F0D80 /* TomateTests */,
				0190487428CB78AB006F0D80 /* TomateUITests */,
			);
		};
/* End PBXProject section */

/* Begin PBXResourcesBuildPhase section */
		0190485928CB78AB006F0D80 /* Resources */ = {
			isa = PBXResourcesBuildPhase;
			buildActionMask = 2147483647;
			files = (
				0190486628CB78AB006F0D80 /* Preview Assets.xcassets in Resources */,
				0190486328CB78AB006F0D80 /* Assets.xcassets in Resources */,
			);
			runOnlyForDeploymentPostprocessing = 0;
		};
		0190486928CB78AB006F0D80 /* Resources */ = {
			isa = PBXResourcesBuildPhase;
			buildActionMask = 2147483647;
			files = (
			);
			runOnlyForDeploymentPostprocessing = 0;
		};
		0190487328CB78AB006F0D80 /* Resources */ = {
			isa = PBXResourcesBuildPhase;
			buildActionMask = 2147483647;
			files = (
			);
			runOnlyForDeploymentPostprocessing = 0;
		};
/* End PBXResourcesBuildPhase section */

/* Begin PBXSourcesBuildPhase section */
		0190485728CB78AB006F0D80 /* Sources */ = {
			isa = PBXSourcesBuildPhase;
			buildActionMask = 2147483647;
			files = (
				0190485F28CB78AB006F0D80 /* TomateApp.swift in Sources */,
			);
			runOnlyForDeploymentPostprocessing = 0;
		};
		0190486728CB78AB006F0D80 /* Sources */ = {
			isa = PBXSourcesBuildPhase;
			buildActionMask = 2147483647;
			files = (
				0190487028CB78AB006F0D80 /* TomateTests.swift in Sources */,
			);
			runOnlyForDeploymentPostprocessing = 0;
		};
		0190487128CB78AB006F0D80 /* Sources */ = {
			isa = PBXSourcesBuildPhase;
			buildActionMask = 2147483647;
			files = (
			);
			runOnlyForDeploymentPostprocessing = 0;
		};
/* End PBXSourcesBuildPhase section */

/* Begin PBXTargetDependency section */
		0190486D28CB78AB006F0D80 /* PBXTargetDependency */ = {
			isa = PBXTargetDependency;
			target = 0190485A28CB78AB006F0D80 /* Tomate */;
			targetProxy = 0190486C28CB78AB006F0D80 /* PBXContainerItemProxy */;
		};
		0190487728CB78AB006F0D80 /* PBXTargetDependency */ = {
			isa = PBXTargetDependency;
			target = 0190485A28CB78AB006F0D80 /* Tomate */;
			targetProxy = 0190487628CB78AB006F0D80 /* PBXContainerItemProxy */;
		};
/* End PBXTargetDependency section */

/* Begin XCBuildConfiguration section */
		0190487D28CB78AB006F0D80 /* Debug */ = {
			isa = XCBuildConfiguration;
			buildSettings = {
				ALWAYS_SEARCH_USER_PATHS = NO;
				CLANG_ANALYZER_NONNULL = YES;
				CLANG_ANALYZER_NUMBER_OBJECT_CONVERSION = YES_AGGRESSIVE;
				CLANG_CXX_LANGUAGE_STANDARD = "gnu++17";
				CLANG_ENABLE_MODULES = YES;
				CLANG_ENABLE_OBJC_ARC = YES;
				CLANG_ENABLE_OBJC_WEAK = YES;
				CLANG_WARN_BLOCK_CAPTURE_AUTORELEASING = YES;
				CLANG_WARN_BOOL_CONVERSION = YES;
				CLANG_WARN_COMMA = YES;
				CLANG_WARN_CONSTANT_CONVERSION = YES;
				CLANG_WARN_DEPRECATED_OBJC_IMPLEMENTATIONS = YES;
				CLANG_WARN_DIRECT_OBJC_ISA_USAGE = YES_ERROR;
				CLANG_WARN_DOCUMENTATION_COMMENTS = YES;
				CLANG_WARN_EMPTY_BODY = YES;
				CLANG_WARN_ENUM_CONVERSION = YES;
				CLANG_WARN_INFINITE_RECURSION = YES;
				CLANG_WARN_INT_CONVERSION = YES;
				CLANG_WARN_NON_LITERAL_NULL_CONVERSION = YES;
				CLANG_WARN_OBJC_IMPLICIT_RETAIN_SELF = YES;
				CLANG_WARN_OBJC_LITERAL_CONVERSION = YES;
				CLANG_WARN_OBJC_ROOT_CLASS = YES_ERROR;
				CLANG_WARN_QUOTED_INCLUDE_IN_FRAMEWORK_HEADER = YES;
				CLANG_WARN_RANGE_LOOP_ANALYSIS = YES;
				CLANG_WARN_STRICT_PROTOTYPES = YES;
				CLANG_WARN_SUSPICIOUS_MOVE = YES;
				CLANG_WARN_UNGUARDED_AVAILABILITY = YES_AGGRESSIVE;
				CLANG_WARN_UNREACHABLE_CODE = YES;
				CLANG_WARN__DUPLICATE_METHOD_MATCH = YES;
				COPY_PHASE_STRIP = NO;
				DEBUG_INFORMATION_FORMAT = dwarf;
				ENABLE_STRICT_OBJC_MSGSEND = YES;
				ENABLE_TESTABILITY = YES;
				GCC_C_LANGUAGE_STANDARD = gnu11;
				GCC_DYNAMIC_NO_PIC = NO;
				GCC_NO_COMMON_BLOCKS = YES;
				GCC_OPTIMIZATION_LEVEL = 0;
				GCC_PREPROCESSOR_DEFINITIONS = (
					"DEBUG=1",
					"$(inherited)",
				);
				GCC_WARN_64_TO_32_BIT_CONVERSION = YES;
				GCC_WARN_ABOUT_RETURN_TYPE = YES_ERROR;
				GCC_WARN_UNDECLARED_SELECTOR = YES;
				GCC_WARN_UNINITIALIZED_AUTOS = YES_AGGRESSIVE;
				GCC_WARN_UNUSED_FUNCTION = YES;
				GCC_WARN_UNUSED_VARIABLE = YES;
				IPHONEOS_DEPLOYMENT_TARGET = 16.0;
				MTL_ENABLE_DEBUG_INFO = INCLUDE_SOURCE;
				MTL_FAST_MATH = YES;
				ONLY_ACTIVE_ARCH = YES;
				SDKROOT = iphoneos;
				SWIFT_ACTIVE_COMPILATION_CONDITIONS = DEBUG;
				SWIFT_OPTIMIZATION_LEVEL = "-Onone";
			};
			name = Debug;
		};
		0190487E28CB78AB006F0D80 /* Release */ = {
			isa = XCBuildConfiguration;
			buildSettings = {
				ALWAYS_SEARCH_USER_PATHS = NO;
				CLANG_ANALYZER_NONNULL = YES;
				CLANG_ANALYZER_NUMBER_OBJECT_CONVERSION = YES_AGGRESSIVE;
				CLANG_CXX_LANGUAGE_STANDARD = "gnu++17";
				CLANG_ENABLE_MODULES = YES;
				CLANG_ENABLE_OBJC_ARC = YES;
				CLANG_ENABLE_OBJC_WEAK = YES;
				CLANG_WARN_BLOCK_CAPTURE_AUTORELEASING = YES;
				CLANG_WARN_BOOL_CONVERSION = YES;
				CLANG_WARN_COMMA = YES;
				CLANG_WARN_CONSTANT_CONVERSION = YES;
				CLANG_WARN_DEPRECATED_OBJC_IMPLEMENTATIONS = YES;
				CLANG_WARN_DIRECT_OBJC_ISA_USAGE = YES_ERROR;
				CLANG_WARN_DOCUMENTATION_COMMENTS = YES;
				CLANG_WARN_EMPTY_BODY = YES;
				CLANG_WARN_ENUM_CONVERSION = YES;
				CLANG_WARN_INFINITE_RECURSION = YES;
				CLANG_WARN_INT_CONVERSION = YES;
				CLANG_WARN_NON_LITERAL_NULL_CONVERSION = YES;
				CLANG_WARN_OBJC_IMPLICIT_RETAIN_SELF = YES;
				CLANG_WARN_OBJC_LITERAL_CONVERSION = YES;
				CLANG_WARN_OBJC_ROOT_CLASS = YES_ERROR;
				CLANG_WARN_QUOTED_INCLUDE_IN_FRAMEWORK_HEADER = YES;
				CLANG_WARN_RANGE_LOOP_ANALYSIS = YES;
				CLANG_WARN_STRICT_PROTOTYPES = YES;
				CLANG_WARN_SUSPICIOUS_MOVE = YES;
				CLANG_WARN_UNGUARDED_AVAILABILITY = YES_AGGRESSIVE;
				CLANG_WARN_UNREACHABLE_CODE = YES;
				CLANG_WARN__DUPLICATE_METHOD_MATCH = YES;
				COPY_PHASE_STRIP = NO;
				DEBUG_INFORMATION_FORMAT = "dwarf-with-dsym";
				ENABLE_NS_ASSERTIONS = NO;
				ENABLE_STRICT_OBJC_MSGSEND = YES;
				GCC_C_LANGUAGE_STANDARD = gnu11;
				GCC_NO_COMMON_BLOCKS = YES;
				GCC_WARN_64_TO_32_BIT_CONVERSION = YES;
				GCC_WARN_ABOUT_RETURN_TYPE = YES_ERROR;
				GCC_WARN_UNDECLARED_SELECTOR = YES;
				GCC_WARN_UNINITIALIZED_AUTOS = YES_AGGRESSIVE;
				GCC_WARN_UNUSED_FUNCTION = YES;
				GCC_WARN_UNUSED_VARIABLE = YES;
				IPHONEOS_DEPLOYMENT_TARGET = 16.0;
				MTL_ENABLE_DEBUG_INFO = NO;
				MTL_FAST_MATH = YES;
				SDKROOT = iphoneos;
				SWIFT_COMPILATION_MODE = wholemodule;
				SWIFT_OPTIMIZATION_LEVEL = "-O";
				VALIDATE_PRODUCT = YES;
			};
			name = Release;
		};
		0190488028CB78AB006F0D80 /* Debug */ = {
			isa = XCBuildConfiguration;
			buildSettings = {
				ASSETCATALOG_COMPILER_APPICON_NAME = AppIcon;
				ASSETCATALOG_COMPILER_GLOBAL_ACCENT_COLOR_NAME = AccentColor;
				CODE_SIGN_STYLE = Manual;
				CURRENT_PROJECT_VERSION = 1;
				DEVELOPMENT_ASSET_PATHS = "\"Tomate/Preview Content\"";
				DEVELOPMENT_TEAM = "";
				ENABLE_PREVIEWS = YES;
				GENERATE_INFOPLIST_FILE = YES;
				INFOPLIST_KEY_UIApplicationSceneManifest_Generation = YES;
				INFOPLIST_KEY_UIApplicationSupportsIndirectInputEvents = YES;
				INFOPLIST_KEY_UILaunchScreen_Generation = YES;
				INFOPLIST_KEY_UISupportedInterfaceOrientations_iPad = "UIInterfaceOrientationPortrait UIInterfaceOrientationPortraitUpsideDown UIInterfaceOrientationLandscapeLeft UIInterfaceOrientationLandscapeRight";
				INFOPLIST_KEY_UISupportedInterfaceOrientations_iPhone = "UIInterfaceOrientationPortrait UIInterfaceOrientationLandscapeLeft UIInterfaceOrientationLandscapeRight";
				LD_RUNPATH_SEARCH_PATHS = (
					"$(inherited)",
					"@executable_path/Frameworks",
				);
				MARKETING_VERSION = 1.0;
				PRODUCT_BUNDLE_IDENTIFIER = com.scalbatty.Tomate;
				PRODUCT_NAME = "$(TARGET_NAME)";
				PROVISIONING_PROFILE_SPECIFIER = "";
				SWIFT_EMIT_LOC_STRINGS = YES;
				SWIFT_VERSION = 5.0;
				TARGETED_DEVICE_FAMILY = "1,2";
			};
			name = Debug;
		};
		0190488128CB78AB006F0D80 /* Release */ = {
			isa = XCBuildConfiguration;
			buildSettings = {
				ASSETCATALOG_COMPILER_APPICON_NAME = AppIcon;
				ASSETCATALOG_COMPILER_GLOBAL_ACCENT_COLOR_NAME = AccentColor;
				CODE_SIGN_STYLE = Manual;
				CURRENT_PROJECT_VERSION = 1;
				DEVELOPMENT_ASSET_PATHS = "\"Tomate/Preview Content\"";
				DEVELOPMENT_TEAM = "";
				ENABLE_PREVIEWS = YES;
				GENERATE_INFOPLIST_FILE = YES;
				INFOPLIST_KEY_UIApplicationSceneManifest_Generation = YES;
				INFOPLIST_KEY_UIApplicationSupportsIndirectInputEvents = YES;
				INFOPLIST_KEY_UILaunchScreen_Generation = YES;
				INFOPLIST_KEY_UISupportedInterfaceOrientations_iPad = "UIInterfaceOrientationPortrait UIInterfaceOrientationPortraitUpsideDown UIInterfaceOrientationLandscapeLeft UIInterfaceOrientationLandscapeRight";
				INFOPLIST_KEY_UISupportedInterfaceOrientations_iPhone = "UIInterfaceOrientationPortrait UIInterfaceOrientationLandscapeLeft UIInterfaceOrientationLandscapeRight";
				LD_RUNPATH_SEARCH_PATHS = (
					"$(inherited)",
					"@executable_path/Frameworks",
				);
				MARKETING_VERSION = 1.0;
				PRODUCT_BUNDLE_IDENTIFIER = com.scalbatty.Tomate;
				PRODUCT_NAME = "$(TARGET_NAME)";
				PROVISIONING_PROFILE_SPECIFIER = "";
				SWIFT_EMIT_LOC_STRINGS = YES;
				SWIFT_VERSION = 5.0;
				TARGETED_DEVICE_FAMILY = "1,2";
			};
			name = Release;
		};
		0190488328CB78AB006F0D80 /* Debug */ = {
			isa = XCBuildConfiguration;
			buildSettings = {
				ALWAYS_EMBED_SWIFT_STANDARD_LIBRARIES = YES;
				BUNDLE_LOADER = "$(TEST_HOST)";
				CODE_SIGN_STYLE = Manual;
				CURRENT_PROJECT_VERSION = 1;
				DEVELOPMENT_TEAM = "";
				GENERATE_INFOPLIST_FILE = YES;
				IPHONEOS_DEPLOYMENT_TARGET = 15.5;
				MARKETING_VERSION = 1.0;
				PRODUCT_BUNDLE_IDENTIFIER = com.scalbatty.TomateTests;
				PRODUCT_NAME = "$(TARGET_NAME)";
				PROVISIONING_PROFILE_SPECIFIER = "";
				"PROVISIONING_PROFILE_SPECIFIER[sdk=macosx*]" = "";
				SWIFT_EMIT_LOC_STRINGS = NO;
				SWIFT_VERSION = 5.0;
				TARGETED_DEVICE_FAMILY = "1,2";
				TEST_HOST = "$(BUILT_PRODUCTS_DIR)/Tomate.app/Tomate";
			};
			name = Debug;
		};
		0190488428CB78AB006F0D80 /* Release */ = {
			isa = XCBuildConfiguration;
			buildSettings = {
				ALWAYS_EMBED_SWIFT_STANDARD_LIBRARIES = YES;
				BUNDLE_LOADER = "$(TEST_HOST)";
				CODE_SIGN_STYLE = Manual;
				CURRENT_PROJECT_VERSION = 1;
				DEVELOPMENT_TEAM = "";
				GENERATE_INFOPLIST_FILE = YES;
				IPHONEOS_DEPLOYMENT_TARGET = 15.5;
				MARKETING_VERSION = 1.0;
				PRODUCT_BUNDLE_IDENTIFIER = com.scalbatty.TomateTests;
				PRODUCT_NAME = "$(TARGET_NAME)";
				PROVISIONING_PROFILE_SPECIFIER = "";
				"PROVISIONING_PROFILE_SPECIFIER[sdk=macosx*]" = "";
				SWIFT_EMIT_LOC_STRINGS = NO;
				SWIFT_VERSION = 5.0;
				TARGETED_DEVICE_FAMILY = "1,2";
				TEST_HOST = "$(BUILT_PRODUCTS_DIR)/Tomate.app/Tomate";
			};
			name = Release;
		};
		0190488628CB78AB006F0D80 /* Debug */ = {
			isa = XCBuildConfiguration;
			buildSettings = {
				ALWAYS_EMBED_SWIFT_STANDARD_LIBRARIES = YES;
				CODE_SIGN_STYLE = Manual;
				CURRENT_PROJECT_VERSION = 1;
				DEVELOPMENT_TEAM = "";
				GENERATE_INFOPLIST_FILE = YES;
				MARKETING_VERSION = 1.0;
				PRODUCT_BUNDLE_IDENTIFIER = com.scalbatty.TomateUITests;
				PRODUCT_NAME = "$(TARGET_NAME)";
				PROVISIONING_PROFILE_SPECIFIER = "";
				"PROVISIONING_PROFILE_SPECIFIER[sdk=macosx*]" = "";
				SWIFT_EMIT_LOC_STRINGS = NO;
				SWIFT_VERSION = 5.0;
				TARGETED_DEVICE_FAMILY = "1,2";
				TEST_TARGET_NAME = Tomate;
			};
			name = Debug;
		};
		0190488728CB78AB006F0D80 /* Release */ = {
			isa = XCBuildConfiguration;
			buildSettings = {
				ALWAYS_EMBED_SWIFT_STANDARD_LIBRARIES = YES;
				CODE_SIGN_STYLE = Manual;
				CURRENT_PROJECT_VERSION = 1;
				DEVELOPMENT_TEAM = "";
				GENERATE_INFOPLIST_FILE = YES;
				MARKETING_VERSION = 1.0;
				PRODUCT_BUNDLE_IDENTIFIER = com.scalbatty.TomateUITests;
				PRODUCT_NAME = "$(TARGET_NAME)";
				PROVISIONING_PROFILE_SPECIFIER = "";
				"PROVISIONING_PROFILE_SPECIFIER[sdk=macosx*]" = "";
				SWIFT_EMIT_LOC_STRINGS = NO;
				SWIFT_VERSION = 5.0;
				TARGETED_DEVICE_FAMILY = "1,2";
				TEST_TARGET_NAME = Tomate;
			};
			name = Release;
		};
/* End XCBuildConfiguration section */

/* Begin XCConfigurationList section */
		0190485628CB78AB006F0D80 /* Build configuration list for PBXProject "Tomate" */ = {
			isa = XCConfigurationList;
			buildConfigurations = (
				0190487D28CB78AB006F0D80 /* Debug */,
				0190487E28CB78AB006F0D80 /* Release */,
			);
			defaultConfigurationIsVisible = 0;
			defaultConfigurationName = Release;
		};
		0190487F28CB78AB006F0D80 /* Build configuration list for PBXNativeTarget "Tomate" */ = {
			isa = XCConfigurationList;
			buildConfigurations = (
				0190488028CB78AB006F0D80 /* Debug */,
				0190488128CB78AB006F0D80 /* Release */,
			);
			defaultConfigurationIsVisible = 0;
			defaultConfigurationName = Release;
		};
		0190488228CB78AB006F0D80 /* Build configuration list for PBXNativeTarget "TomateTests" */ = {
			isa = XCConfigurationList;
			buildConfigurations = (
				0190488328CB78AB006F0D80 /* Debug */,
				0190488428CB78AB006F0D80 /* Release */,
			);
			defaultConfigurationIsVisible = 0;
			defaultConfigurationName = Release;
		};
		0190488528CB78AB006F0D80 /* Build configuration list for PBXNativeTarget "TomateUITests" */ = {
			isa = XCConfigurationList;
			buildConfigurations = (
				0190488628CB78AB006F0D80 /* Debug */,
				0190488728CB78AB006F0D80 /* Release */,
			);
			defaultConfigurationIsVisible = 0;
			defaultConfigurationName = Release;
		};
/* End XCConfigurationList section */

/* Begin XCSwiftPackageProductDependency section */
		01F48FD028D32A5C00C1A014 /* TomateKit */ = {
			isa = XCSwiftPackageProductDependency;
			productName = TomateKit;
		};
/* End XCSwiftPackageProductDependency section */
	};
	rootObject = 0190485328CB78AB006F0D80 /* Project object */;
}
